
Microsoft Visual Studio Solution File, Format Version 12.00
# Visual Studio Version 17
VisualStudioVersion = 17.0.31717.71
MinimumVisualStudioVersion = 10.0.40219.1
Project("{FAE04EC0-301F-11D3-BF4B-00C04F79EFBC}") = "Pathfinder", "Pathfinder\Pathfinder.csproj", "{66AB0EB4-525D-40AD-910E-E7F79A1D494E}"
EndProject
Project("{FAE04EC0-301F-11D3-BF4B-00C04F79EFBC}") = "Pathfinder.Tests", "Pathfinder.Tests\Pathfinder.Tests.csproj", "{75CD3FC4-09FE-425D-9A3D-B051B9A7283B}"
EndProject
Global
	GlobalSection(SolutionConfigurationPlatforms) = preSolution
		Debug|Any CPU = Debug|Any CPU
		Release|Any CPU = Release|Any CPU
	EndGlobalSection
	GlobalSection(ProjectConfigurationPlatforms) = postSolution
		{66AB0EB4-525D-40AD-910E-E7F79A1D494E}.Debug|Any CPU.ActiveCfg = Debug|Any CPU
		{66AB0EB4-525D-40AD-910E-E7F79A1D494E}.Debug|Any CPU.Build.0 = Debug|Any CPU
		{66AB0EB4-525D-40AD-910E-E7F79A1D494E}.Release|Any CPU.ActiveCfg = Release|Any CPU
		{66AB0EB4-525D-40AD-910E-E7F79A1D494E}.Release|Any CPU.Build.0 = Release|Any CPU
		{75CD3FC4-09FE-425D-9A3D-B051B9A7283B}.Debug|Any CPU.ActiveCfg = Debug|Any CPU
		{75CD3FC4-09FE-425D-9A3D-B051B9A7283B}.Debug|Any CPU.Build.0 = Debug|Any CPU
		{75CD3FC4-09FE-425D-9A3D-B051B9A7283B}.Release|Any CPU.ActiveCfg = Release|Any CPU
		{75CD3FC4-09FE-425D-9A3D-B051B9A7283B}.Release|Any CPU.Build.0 = Release|Any CPU
	EndGlobalSection
	GlobalSection(SolutionProperties) = preSolution
		HideSolutionNode = FALSE
	EndGlobalSection
	GlobalSection(ExtensibilityGlobals) = postSolution
		SolutionGuid = {FF032050-01F0-42DE-B11E-79907128EB27}
	EndGlobalSection
EndGlobal
